Microsoft Visual Studio Solution File, Format Version 12.00
# Visual Studio Version 17
VisualStudioVersion = 17.5.2.0
MinimumVisualStudioVersion = 10.0.40219.1
Project("{2150E333-8FDC-42A3-9474-1A3956D46DE8}") = "BomberMan_PROJ3", "BomberMan_PROJ3", "{32057A98-BEAD-BD5C-1B22-8B87D97AEDC9}"
EndProject
Project("{FAE04EC0-301F-11D3-BF4B-00C04F79EFBC}") = "Assembly-CSharp", "BomberMan_PROJ3\Assembly-CSharp.csproj", "{7F9B0FB7-5AE3-C389-99C0-47A073887481}"
EndProject
Global
	GlobalSection(SolutionConfigurationPlatforms) = preSolution
		Debug|Any CPU = Debug|Any CPU
		Release|Any CPU = Release|Any CPU
	EndGlobalSection
	GlobalSection(ProjectConfigurationPlatforms) = postSolution
		{7F9B0FB7-5AE3-C389-99C0-47A073887481}.Debug|Any CPU.ActiveCfg = Debug|Any CPU
		{7F9B0FB7-5AE3-C389-99C0-47A073887481}.Debug|Any CPU.Build.0 = Debug|Any CPU
		{7F9B0FB7-5AE3-C389-99C0-47A073887481}.Release|Any CPU.ActiveCfg = Release|Any CPU
		{7F9B0FB7-5AE3-C389-99C0-47A073887481}.Release|Any CPU.Build.0 = Release|Any CPU
	EndGlobalSection
	GlobalSection(SolutionProperties) = preSolution
		HideSolutionNode = FALSE
	EndGlobalSection
	GlobalSection(NestedProjects) = preSolution
		{7F9B0FB7-5AE3-C389-99C0-47A073887481} = {32057A98-BEAD-BD5C-1B22-8B87D97AEDC9}
	EndGlobalSection
	GlobalSection(ExtensibilityGlobals) = postSolution
		SolutionGuid = {02BA1B9A-D6AA-4221-8375-5952CEB31F07}
	EndGlobalSection
EndGlobal
